
Microsoft Visual Studio Solution File, Format Version 12.00
# Visual Studio Version 16
VisualStudioVersion = 16.0.33027.164
MinimumVisualStudioVersion = 10.0.40219.1
Project("{FAE04EC0-301F-11D3-BF4B-00C04F79EFBC}") = "AlertEmailParser", "AlertEmailParser\AlertEmailParser.csproj", "{8AFF46DA-2C80-4C92-A2F9-15550F691266}"
EndProject
Global
	GlobalSection(SolutionConfigurationPlatforms) = preSolution
		Debug|Any CPU = Debug|Any CPU
		Release|Any CPU = Release|Any CPU
	EndGlobalSection
	GlobalSection(ProjectConfigurationPlatforms) = postSolution
		{8AFF46DA-2C80-4C92-A2F9-15550F691266}.Debug|Any CPU.ActiveCfg = Debug|Any CPU
		{8AFF46DA-2C80-4C92-A2F9-15550F691266}.Debug|Any CPU.Build.0 = Debug|Any CPU
		{8AFF46DA-2C80-4C92-A2F9-15550F691266}.Release|Any CPU.ActiveCfg = Release|Any CPU
		{8AFF46DA-2C80-4C92-A2F9-15550F691266}.Release|Any CPU.Build.0 = Release|Any CPU
	EndGlobalSection
	GlobalSection(SolutionProperties) = preSolution
		HideSolutionNode = FALSE
	EndGlobalSection
	GlobalSection(ExtensibilityGlobals) = postSolution
		SolutionGuid = {91F45989-5332-46D0-B604-330AAE86113F}
	EndGlobalSection
EndGlobal
